// !$*UTF8*$!
{
	archiveVersion = 1;
	classes = {
	};
	objectVersion = 50;
	objects = {

/* Begin PBXBuildFile section */
		FC60FBD02701FAA90008BFA7 /* AppDelegate.swift in Sources */ = {isa = PBXBuildFile; fileRef = FC60FBCF2701FAA90008BFA7 /* AppDelegate.swift */; };
		FC60FBD22701FAA90008BFA7 /* SceneDelegate.swift in Sources */ = {isa = PBXBuildFile; fileRef = FC60FBD12701FAA90008BFA7 /* SceneDelegate.swift */; };
		FC60FBD72701FAA90008BFA7 /* Main.storyboard in Resources */ = {isa = PBXBuildFile; fileRef = FC60FBD52701FAA90008BFA7 /* Main.storyboard */; };
		FC60FBD92701FAAA0008BFA7 /* Assets.xcassets in Resources */ = {isa = PBXBuildFile; fileRef = FC60FBD82701FAAA0008BFA7 /* Assets.xcassets */; };
		FC60FBDC2701FAAA0008BFA7 /* LaunchScreen.storyboard in Resources */ = {isa = PBXBuildFile; fileRef = FC60FBDA2701FAAA0008BFA7 /* LaunchScreen.storyboard */; };
		FCC629F827071CE400584270 /* FirstVC.swift in Sources */ = {isa = PBXBuildFile; fileRef = FCC629F727071CE400584270 /* FirstVC.swift */; };
		FCC629FA27071CF800584270 /* SecondVC.swift in Sources */ = {isa = PBXBuildFile; fileRef = FCC629F927071CF800584270 /* SecondVC.swift */; };
/* End PBXBuildFile section */

/* Begin PBXFileReference section */
		FC60FBCC2701FAA90008BFA7 /* ColorAPP.app */ = {isa = PBXFileReference; explicitFileType = wrapper.application; includeInIndex = 0; path = ColorAPP.app; sourceTree = BUILT_PRODUCTS_DIR; };
		FC60FBCF2701FAA90008BFA7 /* AppDelegate.swift */ = {isa = PBXFileReference; lastKnownFileType = sourcecode.swift; path = AppDelegate.swift; sourceTree = "<group>"; };
		FC60FBD12701FAA90008BFA7 /* SceneDelegate.swift */ = {isa = PBXFileReference; lastKnownFileType = sourcecode.swift; path = SceneDelegate.swift; sourceTree = "<group>"; };
		FC60FBD62701FAA90008BFA7 /* Base */ = {isa = PBXFileReference; lastKnownFileType = file.storyboard; name = Base; path = Base.lproj/Main.storyboard; sourceTree = "<group>"; };
		FC60FBD82701FAAA0008BFA7 /* Assets.xcassets */ = {isa = PBXFileReference; lastKnownFileType = folder.assetcatalog; path = Assets.xcassets; sourceTree = "<group>"; };
		FC60FBDB2701FAAA0008BFA7 /* Base */ = {isa = PBXFileReference; lastKnownFileType = file.storyboard; name = Base; path = Base.lproj/LaunchScreen.storyboard; sourceTree = "<group>"; };
		FC60FBDD2701FAAA0008BFA7 /* Info.plist */ = {isa = PBXFileReference; lastKnownFileType = text.plist.xml; path = Info.plist; sourceTree = "<group>"; };
		FCC629F727071CE400584270 /* FirstVC.swift */ = {isa = PBXFileReference; lastKnownFileType = sourcecode.swift; path = FirstVC.swift; sourceTree = "<group>"; };
		FCC629F927071CF800584270 /* SecondVC.swift */ = {isa = PBXFileReference; lastKnownFileType = sourcecode.swift; path = SecondVC.swift; sourceTree = "<group>"; };
/* End PBXFileReference section */

/* Begin PBXFrameworksBuildPhase section */
		FC60FBC92701FAA90008BFA7 /* Frameworks */ = {
			isa = PBXFrameworksBuildPhase;
			buildActionMask = 2147483647;
			files = (
			);
			runOnlyForDeploymentPostprocessing = 0;
		};
/* End PBXFrameworksBuildPhase section */

/* Begin PBXGroup section */
		FC60FBC32701FAA90008BFA7 = {
			isa = PBXGroup;
			children = (
				FC60FBCE2701FAA90008BFA7 /* ColorAPP */,
				FC60FBCD2701FAA90008BFA7 /* Products */,
			);
			sourceTree = "<group>";
		};
		FC60FBCD2701FAA90008BFA7 /* Products */ = {
			isa = PBXGroup;
			children = (
				FC60FBCC2701FAA90008BFA7 /* ColorAPP.app */,
			);
			name = Products;
			sourceTree = "<group>";
		};
		FC60FBCE2701FAA90008BFA7 /* ColorAPP */ = {
			isa = PBXGroup;
			children = (
				FCC629F527071C5800584270 /* App */,
				FCC629F627071C7900584270 /* Controllers */,
				FCC629F427071C4700584270 /* Views */,
				FC60FBD82701FAAA0008BFA7 /* Assets.xcassets */,
				FC60FBDD2701FAAA0008BFA7 /* Info.plist */,
			);
			path = ColorAPP;
			sourceTree = "<group>";
		};
		FCC629F427071C4700584270 /* Views */ = {
			isa = PBXGroup;
			children = (
				FC60FBDA2701FAAA0008BFA7 /* LaunchScreen.storyboard */,
				FC60FBD52701FAA90008BFA7 /* Main.storyboard */,
			);
			path = Views;
			sourceTree = "<group>";
		};
		FCC629F527071C5800584270 /* App */ = {
			isa = PBXGroup;
			children = (
				FC60FBCF2701FAA90008BFA7 /* AppDelegate.swift */,
				FC60FBD12701FAA90008BFA7 /* SceneDelegate.swift */,
			);
			path = App;
			sourceTree = "<group>";
		};
		FCC629F627071C7900584270 /* Controllers */ = {
			isa = PBXGroup;
			children = (
				FCC629F727071CE400584270 /* FirstVC.swift */,
				FCC629F927071CF800584270 /* SecondVC.swift */,
			);
			path = Controllers;
			sourceTree = "<group>";
		};
/* End PBXGroup section */

/* Begin PBXNativeTarget section */
		FC60FBCB2701FAA90008BFA7 /* ColorAPP */ = {
			isa = PBXNativeTarget;
			buildConfigurationList = FC60FBE02701FAAA0008BFA7 /* Build configuration list for PBXNativeTarget "ColorAPP" */;
			buildPhases = (
				FC60FBC82701FAA90008BFA7 /* Sources */,
				FC60FBC92701FAA90008BFA7 /* Frameworks */,
				FC60FBCA2701FAA90008BFA7 /* Resources */,
			);
			buildRules = (
			);
			dependencies = (
			);
			name = ColorAPP;
			productName = ColorAPP;
			productReference = FC60FBCC2701FAA90008BFA7 /* ColorAPP.app */;
			productType = "com.apple.product-type.application";
		};
/* End PBXNativeTarget section */

/* Begin PBXProject section */
		FC60FBC42701FAA90008BFA7 /* Project object */ = {
			isa = PBXProject;
			attributes = {
				LastSwiftUpdateCheck = 1130;
				LastUpgradeCheck = 1130;
				ORGANIZATIONNAME = "Александр Басов";
				TargetAttributes = {
					FC60FBCB2701FAA90008BFA7 = {
						CreatedOnToolsVersion = 11.3.1;
					};
				};
			};
			buildConfigurationList = FC60FBC72701FAA90008BFA7 /* Build configuration list for PBXProject "ColorAPP" */;
			compatibilityVersion = "Xcode 9.3";
			developmentRegion = en;
			hasScannedForEncodings = 0;
			knownRegions = (
				en,
				Base,
			);
			mainGroup = FC60FBC32701FAA90008BFA7;
			productRefGroup = FC60FBCD2701FAA90008BFA7 /* Products */;
			projectDirPath = "";
			projectRoot = "";
			targets = (
				FC60FBCB2701FAA90008BFA7 /* ColorAPP */,
			);
		};
/* End PBXProject section */

/* Begin PBXResourcesBuildPhase section */
		FC60FBCA2701FAA90008BFA7 /* Resources */ = {
			isa = PBXResourcesBuildPhase;
			buildActionMask = 2147483647;
			files = (
				FC60FBDC2701FAAA0008BFA7 /* LaunchScreen.storyboard in Resources */,
				FC60FBD92701FAAA0008BFA7 /* Assets.xcassets in Resources */,
				FC60FBD72701FAA90008BFA7 /* Main.storyboard in Resources */,
			);
			runOnlyForDeploymentPostprocessing = 0;
		};
/* End PBXResourcesBuildPhase section */

/* Begin PBXSourcesBuildPhase section */
		FC60FBC82701FAA90008BFA7 /* Sources */ = {
			isa = PBXSourcesBuildPhase;
			buildActionMask = 2147483647;
			files = (
				FC60FBD02701FAA90008BFA7 /* AppDelegate.swift in Sources */,
				FCC629F827071CE400584270 /* FirstVC.swift in Sources */,
				FCC629FA27071CF800584270 /* SecondVC.swift in Sources */,
				FC60FBD22701FAA90008BFA7 /* SceneDelegate.swift in Sources */,
			);
			runOnlyForDeploymentPostprocessing = 0;
		};
/* End PBXSourcesBuildPhase section */

/* Begin PBXVariantGroup section */
		FC60FBD52701FAA90008BFA7 /* Main.storyboard */ = {
			isa = PBXVariantGroup;
			children = (
				FC60FBD62701FAA90008BFA7 /* Base */,
			);
			name = Main.storyboard;
			sourceTree = "<group>";
		};
		FC60FBDA2701FAAA0008BFA7 /* LaunchScreen.storyboard */ = {
			isa = PBXVariantGroup;
			children = (
				FC60FBDB2701FAAA0008BFA7 /* Base */,
			);
			name = LaunchScreen.storyboard;
			sourceTree = "<group>";
		};
/* End PBXVariantGroup section */

/* Begin XCBuildConfiguration section */
		FC60FBDE2701FAAA0008BFA7 /* Debug */ = {
			isa = XCBuildConfiguration;
			buildSettings = {
				ALWAYS_SEARCH_USER_PATHS = NO;
				CLANG_ANALYZER_NONNULL = YES;
				CLANG_ANALYZER_NUMBER_OBJECT_CONVERSION = YES_AGGRESSIVE;
				CLANG_CXX_LANGUAGE_STANDARD = "gnu++14";
				CLANG_CXX_LIBRARY = "libc++";
				CLANG_ENABLE_MODULES = YES;
				CLANG_ENABLE_OBJC_ARC = YES;
				CLANG_ENABLE_OBJC_WEAK = YES;
				CLANG_WARN_BLOCK_CAPTURE_AUTORELEASING = YES;
				CLANG_WARN_BOOL_CONVERSION = YES;
				CLANG_WARN_COMMA = YES;
				CLANG_WARN_CONSTANT_CONVERSION = YES;
				CLANG_WARN_DEPRECATED_OBJC_IMPLEMENTATIONS = YES;
				CLANG_WARN_DIRECT_OBJC_ISA_USAGE = YES_ERROR;
				CLANG_WARN_DOCUMENTATION_COMMENTS = YES;
				CLANG_WARN_EMPTY_BODY = YES;
				CLANG_WARN_ENUM_CONVERSION = YES;
				CLANG_WARN_INFINITE_RECURSION = YES;
				CLANG_WARN_INT_CONVERSION = YES;
				CLANG_WARN_NON_LITERAL_NULL_CONVERSION = YES;
				CLANG_WARN_OBJC_IMPLICIT_RETAIN_SELF = YES;
				CLANG_WARN_OBJC_LITERAL_CONVERSION = YES;
				CLANG_WARN_OBJC_ROOT_CLASS = YES_ERROR;
				CLANG_WARN_RANGE_LOOP_ANALYSIS = YES;
				CLANG_WARN_STRICT_PROTOTYPES = YES;
				CLANG_WARN_SUSPICIOUS_MOVE = YES;
				CLANG_WARN_UNGUARDED_AVAILABILITY = YES_AGGRESSIVE;
				CLANG_WARN_UNREACHABLE_CODE = YES;
				CLANG_WARN__DUPLICATE_METHOD_MATCH = YES;
				COPY_PHASE_STRIP = NO;
				DEBUG_INFORMATION_FORMAT = dwarf;
				ENABLE_STRICT_OBJC_MSGSEND = YES;
				ENABLE_TESTABILITY = YES;
				GCC_C_LANGUAGE_STANDARD = gnu11;
				GCC_DYNAMIC_NO_PIC = NO;
				GCC_NO_COMMON_BLOCKS = YES;
				GCC_OPTIMIZATION_LEVEL = 0;
				GCC_PREPROCESSOR_DEFINITIONS = (
					"DEBUG=1",
					"$(inherited)",
				);
				GCC_WARN_64_TO_32_BIT_CONVERSION = YES;
				GCC_WARN_ABOUT_RETURN_TYPE = YES_ERROR;
				GCC_WARN_UNDECLARED_SELECTOR = YES;
				GCC_WARN_UNINITIALIZED_AUTOS = YES_AGGRESSIVE;
				GCC_WARN_UNUSED_FUNCTION = YES;
				GCC_WARN_UNUSED_VARIABLE = YES;
				IPHONEOS_DEPLOYMENT_TARGET = 13.2;
				MTL_ENABLE_DEBUG_INFO = INCLUDE_SOURCE;
				MTL_FAST_MATH = YES;
				ONLY_ACTIVE_ARCH = YES;
				SDKROOT = iphoneos;
				SWIFT_ACTIVE_COMPILATION_CONDITIONS = DEBUG;
				SWIFT_OPTIMIZATION_LEVEL = "-Onone";
			};
			name = Debug;
		};
		FC60FBDF2701FAAA0008BFA7 /* Release */ = {
			isa = XCBuildConfiguration;
			buildSettings = {
				ALWAYS_SEARCH_USER_PATHS = NO;
				CLANG_ANALYZER_NONNULL = YES;
				CLANG_ANALYZER_NUMBER_OBJECT_CONVERSION = YES_AGGRESSIVE;
				CLANG_CXX_LANGUAGE_STANDARD = "gnu++14";
				CLANG_CXX_LIBRARY = "libc++";
				CLANG_ENABLE_MODULES = YES;
				CLANG_ENABLE_OBJC_ARC = YES;
				CLANG_ENABLE_OBJC_WEAK = YES;
				CLANG_WARN_BLOCK_CAPTURE_AUTORELEASING = YES;
				CLANG_WARN_BOOL_CONVERSION = YES;
				CLANG_WARN_COMMA = YES;
				CLANG_WARN_CONSTANT_CONVERSION = YES;
				CLANG_WARN_DEPRECATED_OBJC_IMPLEMENTATIONS = YES;
				CLANG_WARN_DIRECT_OBJC_ISA_USAGE = YES_ERROR;
				CLANG_WARN_DOCUMENTATION_COMMENTS = YES;
				CLANG_WARN_EMPTY_BODY = YES;
				CLANG_WARN_ENUM_CONVERSION = YES;
				CLANG_WARN_INFINITE_RECURSION = YES;
				CLANG_WARN_INT_CONVERSION = YES;
				CLANG_WARN_NON_LITERAL_NULL_CONVERSION = YES;
				CLANG_WARN_OBJC_IMPLICIT_RETAIN_SELF = YES;
				CLANG_WARN_OBJC_LITERAL_CONVERSION = YES;
				CLANG_WARN_OBJC_ROOT_CLASS = YES_ERROR;
				CLANG_WARN_RANGE_LOOP_ANALYSIS = YES;
				CLANG_WARN_STRICT_PROTOTYPES = YES;
				CLANG_WARN_SUSPICIOUS_MOVE = YES;
				CLANG_WARN_UNGUARDED_AVAILABILITY = YES_AGGRESSIVE;
				CLANG_WARN_UNREACHABLE_CODE = YES;
				CLANG_WARN__DUPLICATE_METHOD_MATCH = YES;
				COPY_PHASE_STRIP = NO;
				DEBUG_INFORMATION_FORMAT = "dwarf-with-dsym";
				ENABLE_NS_ASSERTIONS = NO;
				ENABLE_STRICT_OBJC_MSGSEND = YES;
				GCC_C_LANGUAGE_STANDARD = gnu11;
				GCC_NO_COMMON_BLOCKS = YES;
				GCC_WARN_64_TO_32_BIT_CONVERSION = YES;
				GCC_WARN_ABOUT_RETURN_TYPE = YES_ERROR;
				GCC_WARN_UNDECLARED_SELECTOR = YES;
				GCC_WARN_UNINITIALIZED_AUTOS = YES_AGGRESSIVE;
				GCC_WARN_UNUSED_FUNCTION = YES;
				GCC_WARN_UNUSED_VARIABLE = YES;
				IPHONEOS_DEPLOYMENT_TARGET = 13.2;
				MTL_ENABLE_DEBUG_INFO = NO;
				MTL_FAST_MATH = YES;
				SDKROOT = iphoneos;
				SWIFT_COMPILATION_MODE = wholemodule;
				SWIFT_OPTIMIZATION_LEVEL = "-O";
				VALIDATE_PRODUCT = YES;
			};
			name = Release;
		};
		FC60FBE12701FAAA0008BFA7 /* Debug */ = {
			isa = XCBuildConfiguration;
			buildSettings = {
				ASSETCATALOG_COMPILER_APPICON_NAME = AppIcon;
				CODE_SIGN_STYLE = Automatic;
				DEVELOPMENT_TEAM = X272L3SJN4;
				INFOPLIST_FILE = ColorAPP/Info.plist;
				LD_RUNPATH_SEARCH_PATHS = (
					"$(inherited)",
					"@executable_path/Frameworks",
				);
				PRODUCT_BUNDLE_IDENTIFIER = by.testtt.ColorAPP;
				PRODUCT_NAME = "$(TARGET_NAME)";
				SWIFT_VERSION = 5.0;
				TARGETED_DEVICE_FAMILY = "1,2";
			};
			name = Debug;
		};
		FC60FBE22701FAAA0008BFA7 /* Release */ = {
			isa = XCBuildConfiguration;
			buildSettings = {
				ASSETCATALOG_COMPILER_APPICON_NAME = AppIcon;
				CODE_SIGN_STYLE = Automatic;
				DEVELOPMENT_TEAM = X272L3SJN4;
				INFOPLIST_FILE = ColorAPP/Info.plist;
				LD_RUNPATH_SEARCH_PATHS = (
					"$(inherited)",
					"@executable_path/Frameworks",
				);
				PRODUCT_BUNDLE_IDENTIFIER = by.testtt.ColorAPP;
				PRODUCT_NAME = "$(TARGET_NAME)";
				SWIFT_VERSION = 5.0;
				TARGETED_DEVICE_FAMILY = "1,2";
			};
			name = Release;
		};
/* End XCBuildConfiguration section */

/* Begin XCConfigurationList section */
		FC60FBC72701FAA90008BFA7 /* Build configuration list for PBXProject "ColorAPP" */ = {
			isa = XCConfigurationList;
			buildConfigurations = (
				FC60FBDE2701FAAA0008BFA7 /* Debug */,
				FC60FBDF2701FAAA0008BFA7 /* Release */,
			);
			defaultConfigurationIsVisible = 0;
			defaultConfigurationName = Release;
		};
		FC60FBE02701FAAA0008BFA7 /* Build configuration list for PBXNativeTarget "ColorAPP" */ = {
			isa = XCConfigurationList;
			buildConfigurations = (
				FC60FBE12701FAAA0008BFA7 /* Debug */,
				FC60FBE22701FAAA0008BFA7 /* Release */,
			);
			defaultConfigurationIsVisible = 0;
			defaultConfigurationName = Release;
		};
/* End XCConfigurationList section */
	};
	rootObject = FC60FBC42701FAA90008BFA7 /* Project object */;
}
